
Microsoft Visual Studio Solution File, Format Version 12.00
# Visual Studio Version 16
VisualStudioVersion = 16.0.31729.503
MinimumVisualStudioVersion = 10.0.40219.1
Project("{FAE04EC0-301F-11D3-BF4B-00C04F79EFBC}") = "DemoWorkshop", "DemoWorkshop\DemoWorkshop.csproj", "{D072F6E0-F0F8-49C0-BC4F-877381066E94}"
EndProject
Project("{FAE04EC0-301F-11D3-BF4B-00C04F79EFBC}") = "DemoWorkshop.Library", "DemoWorkshop.Library\DemoWorkshop.Library.csproj", "{C558F75E-6635-4B7E-83FD-9F0BDAFEC186}"
EndProject
Global
	GlobalSection(SolutionConfigurationPlatforms) = preSolution
		Debug|Any CPU = Debug|Any CPU
		Release|Any CPU = Release|Any CPU
	EndGlobalSection
	GlobalSection(ProjectConfigurationPlatforms) = postSolution
		{D072F6E0-F0F8-49C0-BC4F-877381066E94}.Debug|Any CPU.ActiveCfg = Debug|Any CPU
		{D072F6E0-F0F8-49C0-BC4F-877381066E94}.Debug|Any CPU.Build.0 = Debug|Any CPU
		{D072F6E0-F0F8-49C0-BC4F-877381066E94}.Release|Any CPU.ActiveCfg = Release|Any CPU
		{D072F6E0-F0F8-49C0-BC4F-877381066E94}.Release|Any CPU.Build.0 = Release|Any CPU
		{C558F75E-6635-4B7E-83FD-9F0BDAFEC186}.Debug|Any CPU.ActiveCfg = Debug|Any CPU
		{C558F75E-6635-4B7E-83FD-9F0BDAFEC186}.Debug|Any CPU.Build.0 = Debug|Any CPU
		{C558F75E-6635-4B7E-83FD-9F0BDAFEC186}.Release|Any CPU.ActiveCfg = Release|Any CPU
		{C558F75E-6635-4B7E-83FD-9F0BDAFEC186}.Release|Any CPU.Build.0 = Release|Any CPU
	EndGlobalSection
	GlobalSection(SolutionProperties) = preSolution
		HideSolutionNode = FALSE
	EndGlobalSection
	GlobalSection(ExtensibilityGlobals) = postSolution
		SolutionGuid = {DFE1C45A-BEBE-422C-AC4F-AD8D8AA81715}
	EndGlobalSection
EndGlobal
